
Microsoft Visual Studio Solution File, Format Version 12.00
# Visual Studio 15
VisualStudioVersion = 15.0.28307.271
MinimumVisualStudioVersion = 10.0.40219.1
Project("{FAE04EC0-301F-11D3-BF4B-00C04F79EFBC}") = "ComplexTwo", "ComplexTwo\ComplexTwo.csproj", "{67293570-B545-49A0-A49D-DED40C70F9CC}"
EndProject
Project("{FAE04EC0-301F-11D3-BF4B-00C04F79EFBC}") = "ComplexOne", "ComplexOne\ComplexOne.csproj", "{001CE6A3-9D0D-4CF7-906D-0FE7E76EDA89}"
EndProject
Project("{FAE04EC0-301F-11D3-BF4B-00C04F79EFBC}") = "SumOddPlus", "SumOddPlus\SumOddPlus.csproj", "{74F94E3A-C6AB-472C-9F3D-BFEF2953B7E3}"
EndProject
Project("{FAE04EC0-301F-11D3-BF4B-00C04F79EFBC}") = "Fraction", "Fraction\Fraction.csproj", "{E01EEAF6-9427-4513-93A3-1C17E918155A}"
EndProject
Global
	GlobalSection(SolutionConfigurationPlatforms) = preSolution
		Debug|Any CPU = Debug|Any CPU
		Release|Any CPU = Release|Any CPU
	EndGlobalSection
	GlobalSection(ProjectConfigurationPlatforms) = postSolution
		{67293570-B545-49A0-A49D-DED40C70F9CC}.Debug|Any CPU.ActiveCfg = Debug|Any CPU
		{67293570-B545-49A0-A49D-DED40C70F9CC}.Debug|Any CPU.Build.0 = Debug|Any CPU
		{67293570-B545-49A0-A49D-DED40C70F9CC}.Release|Any CPU.ActiveCfg = Release|Any CPU
		{67293570-B545-49A0-A49D-DED40C70F9CC}.Release|Any CPU.Build.0 = Release|Any CPU
		{001CE6A3-9D0D-4CF7-906D-0FE7E76EDA89}.Debug|Any CPU.ActiveCfg = Debug|Any CPU
		{001CE6A3-9D0D-4CF7-906D-0FE7E76EDA89}.Debug|Any CPU.Build.0 = Debug|Any CPU
		{001CE6A3-9D0D-4CF7-906D-0FE7E76EDA89}.Release|Any CPU.ActiveCfg = Release|Any CPU
		{001CE6A3-9D0D-4CF7-906D-0FE7E76EDA89}.Release|Any CPU.Build.0 = Release|Any CPU
		{74F94E3A-C6AB-472C-9F3D-BFEF2953B7E3}.Debug|Any CPU.ActiveCfg = Debug|Any CPU
		{74F94E3A-C6AB-472C-9F3D-BFEF2953B7E3}.Debug|Any CPU.Build.0 = Debug|Any CPU
		{74F94E3A-C6AB-472C-9F3D-BFEF2953B7E3}.Release|Any CPU.ActiveCfg = Release|Any CPU
		{74F94E3A-C6AB-472C-9F3D-BFEF2953B7E3}.Release|Any CPU.Build.0 = Release|Any CPU
		{E01EEAF6-9427-4513-93A3-1C17E918155A}.Debug|Any CPU.ActiveCfg = Debug|Any CPU
		{E01EEAF6-9427-4513-93A3-1C17E918155A}.Debug|Any CPU.Build.0 = Debug|Any CPU
		{E01EEAF6-9427-4513-93A3-1C17E918155A}.Release|Any CPU.ActiveCfg = Release|Any CPU
		{E01EEAF6-9427-4513-93A3-1C17E918155A}.Release|Any CPU.Build.0 = Release|Any CPU
	EndGlobalSection
	GlobalSection(SolutionProperties) = preSolution
		HideSolutionNode = FALSE
	EndGlobalSection
	GlobalSection(ExtensibilityGlobals) = postSolution
		SolutionGuid = {4B393030-3C3F-492C-B0CF-5F7DB957D097}
	EndGlobalSection
EndGlobal
